// !$*UTF8*$!
{
	archiveVersion = 1;
	classes = {
	};
	objectVersion = 50;
	objects = {

/* Begin PBXBuildFile section */
		7234BE8922248CD60021F61F /* AppDelegate.swift in Sources */ = {isa = PBXBuildFile; fileRef = 7234BE8822248CD60021F61F /* AppDelegate.swift */; };
		7234BE8E22248CD60021F61F /* Main.storyboard in Resources */ = {isa = PBXBuildFile; fileRef = 7234BE8C22248CD60021F61F /* Main.storyboard */; };
		7234BE9022248CD90021F61F /* Assets.xcassets in Resources */ = {isa = PBXBuildFile; fileRef = 7234BE8F22248CD90021F61F /* Assets.xcassets */; };
		7234BE9322248CD90021F61F /* LaunchScreen.storyboard in Resources */ = {isa = PBXBuildFile; fileRef = 7234BE9122248CD90021F61F /* LaunchScreen.storyboard */; };
		7234BE9E22248CD90021F61F /* InstagramTests.swift in Sources */ = {isa = PBXBuildFile; fileRef = 7234BE9D22248CD90021F61F /* InstagramTests.swift */; };
		7234BEA922248CD90021F61F /* InstagramUITests.swift in Sources */ = {isa = PBXBuildFile; fileRef = 7234BEA822248CD90021F61F /* InstagramUITests.swift */; };
		7234BEF1222986960021F61F /* FeedViewController.swift in Sources */ = {isa = PBXBuildFile; fileRef = 7234BEF0222986960021F61F /* FeedViewController.swift */; };
		7234BEF32229869A0021F61F /* LoginViewController.swift in Sources */ = {isa = PBXBuildFile; fileRef = 7234BEF22229869A0021F61F /* LoginViewController.swift */; };
		7234BEF5222A03590021F61F /* CameraViewController.swift in Sources */ = {isa = PBXBuildFile; fileRef = 7234BEF4222A03590021F61F /* CameraViewController.swift */; };
		7234BEFF222CB9860021F61F /* PostCell.swift in Sources */ = {isa = PBXBuildFile; fileRef = 7234BEFE222CB9860021F61F /* PostCell.swift */; };
		7C7BDA16B64141715532AF9D /* Pods_InstagramUITests.framework in Frameworks */ = {isa = PBXBuildFile; fileRef = 7B7DA4CF49E131A0C5693309 /* Pods_InstagramUITests.framework */; };
		C4891247D966B43B95665E43 /* Pods_InstagramTests.framework in Frameworks */ = {isa = PBXBuildFile; fileRef = 437D01A3A5DA17D6076969D0 /* Pods_InstagramTests.framework */; };
		C8626A8446A15FA35EF6B91A /* Pods_Instagram.framework in Frameworks */ = {isa = PBXBuildFile; fileRef = 5061039AB53E688C1A3751EB /* Pods_Instagram.framework */; };
/* End PBXBuildFile section */

/* Begin PBXContainerItemProxy section */
		7234BE9A22248CD90021F61F /* PBXContainerItemProxy */ = {
			isa = PBXContainerItemProxy;
			containerPortal = 7234BE7D22248CD60021F61F /* Project object */;
			proxyType = 1;
			remoteGlobalIDString = 7234BE8422248CD60021F61F;
			remoteInfo = Instagram;
		};
		7234BEA522248CD90021F61F /* PBXContainerItemProxy */ = {
			isa = PBXContainerItemProxy;
			containerPortal = 7234BE7D22248CD60021F61F /* Project object */;
			proxyType = 1;
			remoteGlobalIDString = 7234BE8422248CD60021F61F;
			remoteInfo = Instagram;
		};
/* End PBXContainerItemProxy section */

/* Begin PBXFileReference section */
		1694BAA76446D79CEB751C2B /* Pods-Instagram.release.xcconfig */ = {isa = PBXFileReference; includeInIndex = 1; lastKnownFileType = text.xcconfig; name = "Pods-Instagram.release.xcconfig"; path = "Pods/Target Support Files/Pods-Instagram/Pods-Instagram.release.xcconfig"; sourceTree = "<group>"; };
		437D01A3A5DA17D6076969D0 /* Pods_InstagramTests.framework */ = {isa = PBXFileReference; explicitFileType = wrapper.framework; includeInIndex = 0; path = Pods_InstagramTests.framework; sourceTree = BUILT_PRODUCTS_DIR; };
		4CF8625722CCC5165082F4D4 /* Pods-Instagram.debug.xcconfig */ = {isa = PBXFileReference; includeInIndex = 1; lastKnownFileType = text.xcconfig; name = "Pods-Instagram.debug.xcconfig"; path = "Pods/Target Support Files/Pods-Instagram/Pods-Instagram.debug.xcconfig"; sourceTree = "<group>"; };
		5061039AB53E688C1A3751EB /* Pods_Instagram.framework */ = {isa = PBXFileReference; explicitFileType = wrapper.framework; includeInIndex = 0; path = Pods_Instagram.framework; sourceTree = BUILT_PRODUCTS_DIR; };
		61AC7BAC5AC3B46BE4559B9D /* Pods-InstagramTests.debug.xcconfig */ = {isa = PBXFileReference; includeInIndex = 1; lastKnownFileType = text.xcconfig; name = "Pods-InstagramTests.debug.xcconfig"; path = "Pods/Target Support Files/Pods-InstagramTests/Pods-InstagramTests.debug.xcconfig"; sourceTree = "<group>"; };
		7234BE8522248CD60021F61F /* Instagram.app */ = {isa = PBXFileReference; explicitFileType = wrapper.application; includeInIndex = 0; path = Instagram.app; sourceTree = BUILT_PRODUCTS_DIR; };
		7234BE8822248CD60021F61F /* AppDelegate.swift */ = {isa = PBXFileReference; lastKnownFileType = sourcecode.swift; path = AppDelegate.swift; sourceTree = "<group>"; };
		7234BE8D22248CD60021F61F /* Base */ = {isa = PBXFileReference; lastKnownFileType = file.storyboard; name = Base; path = Base.lproj/Main.storyboard; sourceTree = "<group>"; };
		7234BE8F22248CD90021F61F /* Assets.xcassets */ = {isa = PBXFileReference; lastKnownFileType = folder.assetcatalog; path = Assets.xcassets; sourceTree = "<group>"; };
		7234BE9222248CD90021F61F /* Base */ = {isa = PBXFileReference; lastKnownFileType = file.storyboard; name = Base; path = Base.lproj/LaunchScreen.storyboard; sourceTree = "<group>"; };
		7234BE9422248CD90021F61F /* Info.plist */ = {isa = PBXFileReference; lastKnownFileType = text.plist.xml; path = Info.plist; sourceTree = "<group>"; };
		7234BE9922248CD90021F61F /* InstagramTests.xctest */ = {isa = PBXFileReference; explicitFileType = wrapper.cfbundle; includeInIndex = 0; path = InstagramTests.xctest; sourceTree = BUILT_PRODUCTS_DIR; };
		7234BE9D22248CD90021F61F /* InstagramTests.swift */ = {isa = PBXFileReference; lastKnownFileType = sourcecode.swift; path = InstagramTests.swift; sourceTree = "<group>"; };
		7234BE9F22248CD90021F61F /* Info.plist */ = {isa = PBXFileReference; lastKnownFileType = text.plist.xml; path = Info.plist; sourceTree = "<group>"; };
		7234BEA422248CD90021F61F /* InstagramUITests.xctest */ = {isa = PBXFileReference; explicitFileType = wrapper.cfbundle; includeInIndex = 0; path = InstagramUITests.xctest; sourceTree = BUILT_PRODUCTS_DIR; };
		7234BEA822248CD90021F61F /* InstagramUITests.swift */ = {isa = PBXFileReference; lastKnownFileType = sourcecode.swift; path = InstagramUITests.swift; sourceTree = "<group>"; };
		7234BEAA22248CD90021F61F /* Info.plist */ = {isa = PBXFileReference; lastKnownFileType = text.plist.xml; path = Info.plist; sourceTree = "<group>"; };
		7234BEF0222986960021F61F /* FeedViewController.swift */ = {isa = PBXFileReference; lastKnownFileType = sourcecode.swift; name = FeedViewController.swift; path = "/Users/mccarthy/Desktop/CST-495/Homework/Instagram/Instagram/Instagram/Instagram/FeedViewController.swift"; sourceTree = "<absolute>"; };
		7234BEF22229869A0021F61F /* LoginViewController.swift */ = {isa = PBXFileReference; lastKnownFileType = sourcecode.swift; name = LoginViewController.swift; path = "/Users/mccarthy/Desktop/CST-495/Homework/Instagram/Instagram/Instagram/Instagram/LoginViewController.swift"; sourceTree = "<absolute>"; };
		7234BEF4222A03590021F61F /* CameraViewController.swift */ = {isa = PBXFileReference; lastKnownFileType = sourcecode.swift; path = CameraViewController.swift; sourceTree = "<group>"; };
		7234BEFE222CB9860021F61F /* PostCell.swift */ = {isa = PBXFileReference; lastKnownFileType = sourcecode.swift; path = PostCell.swift; sourceTree = "<group>"; };
		7B7DA4CF49E131A0C5693309 /* Pods_InstagramUITests.framework */ = {isa = PBXFileReference; explicitFileType = wrapper.framework; includeInIndex = 0; path = Pods_InstagramUITests.framework; sourceTree = BUILT_PRODUCTS_DIR; };
		9FF1FC8DED4E4A1A7FE39329 /* Pods-InstagramUITests.debug.xcconfig */ = {isa = PBXFileReference; includeInIndex = 1; lastKnownFileType = text.xcconfig; name = "Pods-InstagramUITests.debug.xcconfig"; path = "Pods/Target Support Files/Pods-InstagramUITests/Pods-InstagramUITests.debug.xcconfig"; sourceTree = "<group>"; };
		C930372F70CD2744AE95B3FA /* Pods-InstagramUITests.release.xcconfig */ = {isa = PBXFileReference; includeInIndex = 1; lastKnownFileType = text.xcconfig; name = "Pods-InstagramUITests.release.xcconfig"; path = "Pods/Target Support Files/Pods-InstagramUITests/Pods-InstagramUITests.release.xcconfig"; sourceTree = "<group>"; };
		DC95D533B6C8FED97B9336DA /* Pods-InstagramTests.release.xcconfig */ = {isa = PBXFileReference; includeInIndex = 1; lastKnownFileType = text.xcconfig; name = "Pods-InstagramTests.release.xcconfig"; path = "Pods/Target Support Files/Pods-InstagramTests/Pods-InstagramTests.release.xcconfig"; sourceTree = "<group>"; };
/* End PBXFileReference section */

/* Begin PBXFrameworksBuildPhase section */
		7234BE8222248CD60021F61F /* Frameworks */ = {
			isa = PBXFrameworksBuildPhase;
			buildActionMask = 2147483647;
			files = (
				C8626A8446A15FA35EF6B91A /* Pods_Instagram.framework in Frameworks */,
			);
			runOnlyForDeploymentPostprocessing = 0;
		};
		7234BE9622248CD90021F61F /* Frameworks */ = {
			isa = PBXFrameworksBuildPhase;
			buildActionMask = 2147483647;
			files = (
				C4891247D966B43B95665E43 /* Pods_InstagramTests.framework in Frameworks */,
			);
			runOnlyForDeploymentPostprocessing = 0;
		};
		7234BEA122248CD90021F61F /* Frameworks */ = {
			isa = PBXFrameworksBuildPhase;
			buildActionMask = 2147483647;
			files = (
				7C7BDA16B64141715532AF9D /* Pods_InstagramUITests.framework in Frameworks */,
			);
			runOnlyForDeploymentPostprocessing = 0;
		};
/* End PBXFrameworksBuildPhase section */

/* Begin PBXGroup section */
		7234BE7C22248CD60021F61F = {
			isa = PBXGroup;
			children = (
				7234BE8722248CD60021F61F /* Instagram */,
				7234BE9C22248CD90021F61F /* InstagramTests */,
				7234BEA722248CD90021F61F /* InstagramUITests */,
				7234BE8622248CD60021F61F /* Products */,
				B34FEE1E9AE346663D428D40 /* Pods */,
				CCBB52A914DB1CE0FAD8215F /* Frameworks */,
			);
			sourceTree = "<group>";
		};
		7234BE8622248CD60021F61F /* Products */ = {
			isa = PBXGroup;
			children = (
				7234BE8522248CD60021F61F /* Instagram.app */,
				7234BE9922248CD90021F61F /* InstagramTests.xctest */,
				7234BEA422248CD90021F61F /* InstagramUITests.xctest */,
			);
			name = Products;
			sourceTree = "<group>";
		};
		7234BE8722248CD60021F61F /* Instagram */ = {
			isa = PBXGroup;
			children = (
				7234BEF22229869A0021F61F /* LoginViewController.swift */,
				7234BEF0222986960021F61F /* FeedViewController.swift */,
				7234BE8822248CD60021F61F /* AppDelegate.swift */,
				7234BE8C22248CD60021F61F /* Main.storyboard */,
				7234BE8F22248CD90021F61F /* Assets.xcassets */,
				7234BE9122248CD90021F61F /* LaunchScreen.storyboard */,
				7234BE9422248CD90021F61F /* Info.plist */,
				7234BEF4222A03590021F61F /* CameraViewController.swift */,
				7234BEFE222CB9860021F61F /* PostCell.swift */,
			);
			path = Instagram;
			sourceTree = "<group>";
		};
		7234BE9C22248CD90021F61F /* InstagramTests */ = {
			isa = PBXGroup;
			children = (
				7234BE9D22248CD90021F61F /* InstagramTests.swift */,
				7234BE9F22248CD90021F61F /* Info.plist */,
			);
			path = InstagramTests;
			sourceTree = "<group>";
		};
		7234BEA722248CD90021F61F /* InstagramUITests */ = {
			isa = PBXGroup;
			children = (
				7234BEA822248CD90021F61F /* InstagramUITests.swift */,
				7234BEAA22248CD90021F61F /* Info.plist */,
			);
			path = InstagramUITests;
			sourceTree = "<group>";
		};
		B34FEE1E9AE346663D428D40 /* Pods */ = {
			isa = PBXGroup;
			children = (
				4CF8625722CCC5165082F4D4 /* Pods-Instagram.debug.xcconfig */,
				1694BAA76446D79CEB751C2B /* Pods-Instagram.release.xcconfig */,
				61AC7BAC5AC3B46BE4559B9D /* Pods-InstagramTests.debug.xcconfig */,
				DC95D533B6C8FED97B9336DA /* Pods-InstagramTests.release.xcconfig */,
				9FF1FC8DED4E4A1A7FE39329 /* Pods-InstagramUITests.debug.xcconfig */,
				C930372F70CD2744AE95B3FA /* Pods-InstagramUITests.release.xcconfig */,
			);
			name = Pods;
			sourceTree = "<group>";
		};
		CCBB52A914DB1CE0FAD8215F /* Frameworks */ = {
			isa = PBXGroup;
			children = (
				5061039AB53E688C1A3751EB /* Pods_Instagram.framework */,
				437D01A3A5DA17D6076969D0 /* Pods_InstagramTests.framework */,
				7B7DA4CF49E131A0C5693309 /* Pods_InstagramUITests.framework */,
			);
			name = Frameworks;
			sourceTree = "<group>";
		};
/* End PBXGroup section */

/* Begin PBXNativeTarget section */
		7234BE8422248CD60021F61F /* Instagram */ = {
			isa = PBXNativeTarget;
			buildConfigurationList = 7234BEAD22248CD90021F61F /* Build configuration list for PBXNativeTarget "Instagram" */;
			buildPhases = (
				2BAB212C631701EDC8AE187D /* [CP] Check Pods Manifest.lock */,
				7234BE8122248CD60021F61F /* Sources */,
				7234BE8222248CD60021F61F /* Frameworks */,
				7234BE8322248CD60021F61F /* Resources */,
				1FD7028EF9D917B7B63C6A88 /* [CP] Embed Pods Frameworks */,
			);
			buildRules = (
			);
			dependencies = (
			);
			name = Instagram;
			productName = Instagram;
			productReference = 7234BE8522248CD60021F61F /* Instagram.app */;
			productType = "com.apple.product-type.application";
		};
		7234BE9822248CD90021F61F /* InstagramTests */ = {
			isa = PBXNativeTarget;
			buildConfigurationList = 7234BEB022248CD90021F61F /* Build configuration list for PBXNativeTarget "InstagramTests" */;
			buildPhases = (
				95CB1291AC0966A52E867D37 /* [CP] Check Pods Manifest.lock */,
				7234BE9522248CD90021F61F /* Sources */,
				7234BE9622248CD90021F61F /* Frameworks */,
				7234BE9722248CD90021F61F /* Resources */,
			);
			buildRules = (
			);
			dependencies = (
				7234BE9B22248CD90021F61F /* PBXTargetDependency */,
			);
			name = InstagramTests;
			productName = InstagramTests;
			productReference = 7234BE9922248CD90021F61F /* InstagramTests.xctest */;
			productType = "com.apple.product-type.bundle.unit-test";
		};
		7234BEA322248CD90021F61F /* InstagramUITests */ = {
			isa = PBXNativeTarget;
			buildConfigurationList = 7234BEB322248CD90021F61F /* Build configuration list for PBXNativeTarget "InstagramUITests" */;
			buildPhases = (
				6E57B0C101F500C7C04562C8 /* [CP] Check Pods Manifest.lock */,
				7234BEA022248CD90021F61F /* Sources */,
				7234BEA122248CD90021F61F /* Frameworks */,
				7234BEA222248CD90021F61F /* Resources */,
			);
			buildRules = (
			);
			dependencies = (
				7234BEA622248CD90021F61F /* PBXTargetDependency */,
			);
			name = InstagramUITests;
			productName = InstagramUITests;
			productReference = 7234BEA422248CD90021F61F /* InstagramUITests.xctest */;
			productType = "com.apple.product-type.bundle.ui-testing";
		};
/* End PBXNativeTarget section */

/* Begin PBXProject section */
		7234BE7D22248CD60021F61F /* Project object */ = {
			isa = PBXProject;
			attributes = {
				LastSwiftUpdateCheck = 1010;
				LastUpgradeCheck = 1010;
				ORGANIZATIONNAME = "Sovreign-Ariel McCarthy";
				TargetAttributes = {
					7234BE8422248CD60021F61F = {
						CreatedOnToolsVersion = 10.1;
					};
					7234BE9822248CD90021F61F = {
						CreatedOnToolsVersion = 10.1;
						TestTargetID = 7234BE8422248CD60021F61F;
					};
					7234BEA322248CD90021F61F = {
						CreatedOnToolsVersion = 10.1;
						TestTargetID = 7234BE8422248CD60021F61F;
					};
				};
			};
			buildConfigurationList = 7234BE8022248CD60021F61F /* Build configuration list for PBXProject "Instagram" */;
			compatibilityVersion = "Xcode 9.3";
			developmentRegion = en;
			hasScannedForEncodings = 0;
			knownRegions = (
				en,
				Base,
			);
			mainGroup = 7234BE7C22248CD60021F61F;
			productRefGroup = 7234BE8622248CD60021F61F /* Products */;
			projectDirPath = "";
			projectRoot = "";
			targets = (
				7234BE8422248CD60021F61F /* Instagram */,
				7234BE9822248CD90021F61F /* InstagramTests */,
				7234BEA322248CD90021F61F /* InstagramUITests */,
			);
		};
/* End PBXProject section */

/* Begin PBXResourcesBuildPhase section */
		7234BE8322248CD60021F61F /* Resources */ = {
			isa = PBXResourcesBuildPhase;
			buildActionMask = 2147483647;
			files = (
				7234BE9322248CD90021F61F /* LaunchScreen.storyboard in Resources */,
				7234BE9022248CD90021F61F /* Assets.xcassets in Resources */,
				7234BE8E22248CD60021F61F /* Main.storyboard in Resources */,
			);
			runOnlyForDeploymentPostprocessing = 0;
		};
		7234BE9722248CD90021F61F /* Resources */ = {
			isa = PBXResourcesBuildPhase;
			buildActionMask = 2147483647;
			files = (
			);
			runOnlyForDeploymentPostprocessing = 0;
		};
		7234BEA222248CD90021F61F /* Resources */ = {
			isa = PBXResourcesBuildPhase;
			buildActionMask = 2147483647;
			files = (
			);
			runOnlyForDeploymentPostprocessing = 0;
		};
/* End PBXResourcesBuildPhase section */

/* Begin PBXShellScriptBuildPhase section */
		1FD7028EF9D917B7B63C6A88 /* [CP] Embed Pods Frameworks */ = {
			isa = PBXShellScriptBuildPhase;
			buildActionMask = 2147483647;
			files = (
			);
			inputFileListPaths = (
			);
			inputPaths = (
				"${SRCROOT}/Pods/Target Support Files/Pods-Instagram/Pods-Instagram-frameworks.sh",
				"${BUILT_PRODUCTS_DIR}/Alamofire/Alamofire.framework",
				"${BUILT_PRODUCTS_DIR}/AlamofireImage/AlamofireImage.framework",
				"${BUILT_PRODUCTS_DIR}/Bolts/Bolts.framework",
				"${BUILT_PRODUCTS_DIR}/Parse/Parse.framework",
			);
			name = "[CP] Embed Pods Frameworks";
			outputFileListPaths = (
			);
			outputPaths = (
				"${TARGET_BUILD_DIR}/${FRAMEWORKS_FOLDER_PATH}/Alamofire.framework",
				"${TARGET_BUILD_DIR}/${FRAMEWORKS_FOLDER_PATH}/AlamofireImage.framework",
				"${TARGET_BUILD_DIR}/${FRAMEWORKS_FOLDER_PATH}/Bolts.framework",
				"${TARGET_BUILD_DIR}/${FRAMEWORKS_FOLDER_PATH}/Parse.framework",
			);
			runOnlyForDeploymentPostprocessing = 0;
			shellPath = /bin/sh;
			shellScript = "\"${SRCROOT}/Pods/Target Support Files/Pods-Instagram/Pods-Instagram-frameworks.sh\"\n";
			showEnvVarsInLog = 0;
		};
		2BAB212C631701EDC8AE187D /* [CP] Check Pods Manifest.lock */ = {
			isa = PBXShellScriptBuildPhase;
			buildActionMask = 2147483647;
			files = (
			);
			inputFileListPaths = (
			);
			inputPaths = (
				"${PODS_PODFILE_DIR_PATH}/Podfile.lock",
				"${PODS_ROOT}/Manifest.lock",
			);
			name = "[CP] Check Pods Manifest.lock";
			outputFileListPaths = (
			);
			outputPaths = (
				"$(DERIVED_FILE_DIR)/Pods-Instagram-checkManifestLockResult.txt",
			);
			runOnlyForDeploymentPostprocessing = 0;
			shellPath = /bin/sh;
			shellScript = "diff \"${PODS_PODFILE_DIR_PATH}/Podfile.lock\" \"${PODS_ROOT}/Manifest.lock\" > /dev/null\nif [ $? != 0 ] ; then\n    # print error to STDERR\n    echo \"error: The sandbox is not in sync with the Podfile.lock. Run 'pod install' or update your CocoaPods installation.\" >&2\n    exit 1\nfi\n# This output is used by Xcode 'outputs' to avoid re-running this script phase.\necho \"SUCCESS\" > \"${SCRIPT_OUTPUT_FILE_0}\"\n";
			showEnvVarsInLog = 0;
		};
		6E57B0C101F500C7C04562C8 /* [CP] Check Pods Manifest.lock */ = {
			isa = PBXShellScriptBuildPhase;
			buildActionMask = 2147483647;
			files = (
			);
			inputFileListPaths = (
			);
			inputPaths = (
				"${PODS_PODFILE_DIR_PATH}/Podfile.lock",
				"${PODS_ROOT}/Manifest.lock",
			);
			name = "[CP] Check Pods Manifest.lock";
			outputFileListPaths = (
			);
			outputPaths = (
				"$(DERIVED_FILE_DIR)/Pods-InstagramUITests-checkManifestLockResult.txt",
			);
			runOnlyForDeploymentPostprocessing = 0;
			shellPath = /bin/sh;
			shellScript = "diff \"${PODS_PODFILE_DIR_PATH}/Podfile.lock\" \"${PODS_ROOT}/Manifest.lock\" > /dev/null\nif [ $? != 0 ] ; then\n    # print error to STDERR\n    echo \"error: The sandbox is not in sync with the Podfile.lock. Run 'pod install' or update your CocoaPods installation.\" >&2\n    exit 1\nfi\n# This output is used by Xcode 'outputs' to avoid re-running this script phase.\necho \"SUCCESS\" > \"${SCRIPT_OUTPUT_FILE_0}\"\n";
			showEnvVarsInLog = 0;
		};
		95CB1291AC0966A52E867D37 /* [CP] Check Pods Manifest.lock */ = {
			isa = PBXShellScriptBuildPhase;
			buildActionMask = 2147483647;
			files = (
			);
			inputFileListPaths = (
			);
			inputPaths = (
				"${PODS_PODFILE_DIR_PATH}/Podfile.lock",
				"${PODS_ROOT}/Manifest.lock",
			);
			name = "[CP] Check Pods Manifest.lock";
			outputFileListPaths = (
			);
			outputPaths = (
				"$(DERIVED_FILE_DIR)/Pods-InstagramTests-checkManifestLockResult.txt",
			);
			runOnlyForDeploymentPostprocessing = 0;
			shellPath = /bin/sh;
			shellScript = "diff \"${PODS_PODFILE_DIR_PATH}/Podfile.lock\" \"${PODS_ROOT}/Manifest.lock\" > /dev/null\nif [ $? != 0 ] ; then\n    # print error to STDERR\n    echo \"error: The sandbox is not in sync with the Podfile.lock. Run 'pod install' or update your CocoaPods installation.\" >&2\n    exit 1\nfi\n# This output is used by Xcode 'outputs' to avoid re-running this script phase.\necho \"SUCCESS\" > \"${SCRIPT_OUTPUT_FILE_0}\"\n";
			showEnvVarsInLog = 0;
		};
/* End PBXShellScriptBuildPhase section */

/* Begin PBXSourcesBuildPhase section */
		7234BE8122248CD60021F61F /* Sources */ = {
			isa = PBXSourcesBuildPhase;
			buildActionMask = 2147483647;
			files = (
				7234BEF32229869A0021F61F /* LoginViewController.swift in Sources */,
				7234BEF5222A03590021F61F /* CameraViewController.swift in Sources */,
				7234BEF1222986960021F61F /* FeedViewController.swift in Sources */,
				7234BE8922248CD60021F61F /* AppDelegate.swift in Sources */,
				7234BEFF222CB9860021F61F /* PostCell.swift in Sources */,
			);
			runOnlyForDeploymentPostprocessing = 0;
		};
		7234BE9522248CD90021F61F /* Sources */ = {
			isa = PBXSourcesBuildPhase;
			buildActionMask = 2147483647;
			files = (
				7234BE9E22248CD90021F61F /* InstagramTests.swift in Sources */,
			);
			runOnlyForDeploymentPostprocessing = 0;
		};
		7234BEA022248CD90021F61F /* Sources */ = {
			isa = PBXSourcesBuildPhase;
			buildActionMask = 2147483647;
			files = (
				7234BEA922248CD90021F61F /* InstagramUITests.swift in Sources */,
			);
			runOnlyForDeploymentPostprocessing = 0;
		};
/* End PBXSourcesBuildPhase section */

/* Begin PBXTargetDependency section */
		7234BE9B22248CD90021F61F /* PBXTargetDependency */ = {
			isa = PBXTargetDependency;
			target = 7234BE8422248CD60021F61F /* Instagram */;
			targetProxy = 7234BE9A22248CD90021F61F /* PBXContainerItemProxy */;
		};
		7234BEA622248CD90021F61F /* PBXTargetDependency */ = {
			isa = PBXTargetDependency;
			target = 7234BE8422248CD60021F61F /* Instagram */;
			targetProxy = 7234BEA522248CD90021F61F /* PBXContainerItemProxy */;
		};
/* End PBXTargetDependency section */

/* Begin PBXVariantGroup section */
		7234BE8C22248CD60021F61F /* Main.storyboard */ = {
			isa = PBXVariantGroup;
			children = (
				7234BE8D22248CD60021F61F /* Base */,
			);
			name = Main.storyboard;
			sourceTree = "<group>";
		};
		7234BE9122248CD90021F61F /* LaunchScreen.storyboard */ = {
			isa = PBXVariantGroup;
			children = (
				7234BE9222248CD90021F61F /* Base */,
			);
			name = LaunchScreen.storyboard;
			sourceTree = "<group>";
		};
/* End PBXVariantGroup section */

/* Begin XCBuildConfiguration section */
		7234BEAB22248CD90021F61F /* Debug */ = {
			isa = XCBuildConfiguration;
			buildSettings = {
				ALWAYS_SEARCH_USER_PATHS = NO;
				CLANG_ANALYZER_NONNULL = YES;
				CLANG_ANALYZER_NUMBER_OBJECT_CONVERSION = YES_AGGRESSIVE;
				CLANG_CXX_LANGUAGE_STANDARD = "gnu++14";
				CLANG_CXX_LIBRARY = "libc++";
				CLANG_ENABLE_MODULES = YES;
				CLANG_ENABLE_OBJC_ARC = YES;
				CLANG_ENABLE_OBJC_WEAK = YES;
				CLANG_WARN_BLOCK_CAPTURE_AUTORELEASING = YES;
				CLANG_WARN_BOOL_CONVERSION = YES;
				CLANG_WARN_COMMA = YES;
				CLANG_WARN_CONSTANT_CONVERSION = YES;
				CLANG_WARN_DEPRECATED_OBJC_IMPLEMENTATIONS = YES;
				CLANG_WARN_DIRECT_OBJC_ISA_USAGE = YES_ERROR;
				CLANG_WARN_DOCUMENTATION_COMMENTS = YES;
				CLANG_WARN_EMPTY_BODY = YES;
				CLANG_WARN_ENUM_CONVERSION = YES;
				CLANG_WARN_INFINITE_RECURSION = YES;
				CLANG_WARN_INT_CONVERSION = YES;
				CLANG_WARN_NON_LITERAL_NULL_CONVERSION = YES;
				CLANG_WARN_OBJC_IMPLICIT_RETAIN_SELF = YES;
				CLANG_WARN_OBJC_LITERAL_CONVERSION = YES;
				CLANG_WARN_OBJC_ROOT_CLASS = YES_ERROR;
				CLANG_WARN_RANGE_LOOP_ANALYSIS = YES;
				CLANG_WARN_STRICT_PROTOTYPES = YES;
				CLANG_WARN_SUSPICIOUS_MOVE = YES;
				CLANG_WARN_UNGUARDED_AVAILABILITY = YES_AGGRESSIVE;
				CLANG_WARN_UNREACHABLE_CODE = YES;
				CLANG_WARN__DUPLICATE_METHOD_MATCH = YES;
				CODE_SIGN_IDENTITY = "iPhone Developer";
				COPY_PHASE_STRIP = NO;
				DEBUG_INFORMATION_FORMAT = dwarf;
				ENABLE_STRICT_OBJC_MSGSEND = YES;
				ENABLE_TESTABILITY = YES;
				GCC_C_LANGUAGE_STANDARD = gnu11;
				GCC_DYNAMIC_NO_PIC = NO;
				GCC_NO_COMMON_BLOCKS = YES;
				GCC_OPTIMIZATION_LEVEL = 0;
				GCC_PREPROCESSOR_DEFINITIONS = (
					"DEBUG=1",
					"$(inherited)",
				);
				GCC_WARN_64_TO_32_BIT_CONVERSION = YES;
				GCC_WARN_ABOUT_RETURN_TYPE = YES_ERROR;
				GCC_WARN_UNDECLARED_SELECTOR = YES;
				GCC_WARN_UNINITIALIZED_AUTOS = YES_AGGRESSIVE;
				GCC_WARN_UNUSED_FUNCTION = YES;
				GCC_WARN_UNUSED_VARIABLE = YES;
				IPHONEOS_DEPLOYMENT_TARGET = 12.1;
				MTL_ENABLE_DEBUG_INFO = INCLUDE_SOURCE;
				MTL_FAST_MATH = YES;
				ONLY_ACTIVE_ARCH = YES;
				SDKROOT = iphoneos;
				SWIFT_ACTIVE_COMPILATION_CONDITIONS = DEBUG;
				SWIFT_OPTIMIZATION_LEVEL = "-Onone";
			};
			name = Debug;
		};
		7234BEAC22248CD90021F61F /* Release */ = {
			isa = XCBuildConfiguration;
			buildSettings = {
				ALWAYS_SEARCH_USER_PATHS = NO;
				CLANG_ANALYZER_NONNULL = YES;
				CLANG_ANALYZER_NUMBER_OBJECT_CONVERSION = YES_AGGRESSIVE;
				CLANG_CXX_LANGUAGE_STANDARD = "gnu++14";
				CLANG_CXX_LIBRARY = "libc++";
				CLANG_ENABLE_MODULES = YES;
				CLANG_ENABLE_OBJC_ARC = YES;
				CLANG_ENABLE_OBJC_WEAK = YES;
				CLANG_WARN_BLOCK_CAPTURE_AUTORELEASING = YES;
				CLANG_WARN_BOOL_CONVERSION = YES;
				CLANG_WARN_COMMA = YES;
				CLANG_WARN_CONSTANT_CONVERSION = YES;
				CLANG_WARN_DEPRECATED_OBJC_IMPLEMENTATIONS = YES;
				CLANG_WARN_DIRECT_OBJC_ISA_USAGE = YES_ERROR;
				CLANG_WARN_DOCUMENTATION_COMMENTS = YES;
				CLANG_WARN_EMPTY_BODY = YES;
				CLANG_WARN_ENUM_CONVERSION = YES;
				CLANG_WARN_INFINITE_RECURSION = YES;
				CLANG_WARN_INT_CONVERSION = YES;
				CLANG_WARN_NON_LITERAL_NULL_CONVERSION = YES;
				CLANG_WARN_OBJC_IMPLICIT_RETAIN_SELF = YES;
				CLANG_WARN_OBJC_LITERAL_CONVERSION = YES;
				CLANG_WARN_OBJC_ROOT_CLASS = YES_ERROR;
				CLANG_WARN_RANGE_LOOP_ANALYSIS = YES;
				CLANG_WARN_STRICT_PROTOTYPES = YES;
				CLANG_WARN_SUSPICIOUS_MOVE = YES;
				CLANG_WARN_UNGUARDED_AVAILABILITY = YES_AGGRESSIVE;
				CLANG_WARN_UNREACHABLE_CODE = YES;
				CLANG_WARN__DUPLICATE_METHOD_MATCH = YES;
				CODE_SIGN_IDENTITY = "iPhone Developer";
				COPY_PHASE_STRIP = NO;
				DEBUG_INFORMATION_FORMAT = "dwarf-with-dsym";
				ENABLE_NS_ASSERTIONS = NO;
				ENABLE_STRICT_OBJC_MSGSEND = YES;
				GCC_C_LANGUAGE_STANDARD = gnu11;
				GCC_NO_COMMON_BLOCKS = YES;
				GCC_WARN_64_TO_32_BIT_CONVERSION = YES;
				GCC_WARN_ABOUT_RETURN_TYPE = YES_ERROR;
				GCC_WARN_UNDECLARED_SELECTOR = YES;
				GCC_WARN_UNINITIALIZED_AUTOS = YES_AGGRESSIVE;
				GCC_WARN_UNUSED_FUNCTION = YES;
				GCC_WARN_UNUSED_VARIABLE = YES;
				IPHONEOS_DEPLOYMENT_TARGET = 12.1;
				MTL_ENABLE_DEBUG_INFO = NO;
				MTL_FAST_MATH = YES;
				SDKROOT = iphoneos;
				SWIFT_COMPILATION_MODE = wholemodule;
				SWIFT_OPTIMIZATION_LEVEL = "-O";
				VALIDATE_PRODUCT = YES;
			};
			name = Release;
		};
		7234BEAE22248CD90021F61F /* Debug */ = {
			isa = XCBuildConfiguration;
			baseConfigurationReference = 4CF8625722CCC5165082F4D4 /* Pods-Instagram.debug.xcconfig */;
			buildSettings = {
				ASSETCATALOG_COMPILER_APPICON_NAME = AppIcon;
				CODE_SIGN_STYLE = Automatic;
				INFOPLIST_FILE = Instagram/Info.plist;
				LD_RUNPATH_SEARCH_PATHS = (
					"$(inherited)",
					"@executable_path/Frameworks",
				);
				PRODUCT_BUNDLE_IDENTIFIER = com.Ariel.Instagram;
				PRODUCT_NAME = "$(TARGET_NAME)";
				SWIFT_VERSION = 4.2;
				TARGETED_DEVICE_FAMILY = "1,2";
			};
			name = Debug;
		};
		7234BEAF22248CD90021F61F /* Release */ = {
			isa = XCBuildConfiguration;
			baseConfigurationReference = 1694BAA76446D79CEB751C2B /* Pods-Instagram.release.xcconfig */;
			buildSettings = {
				ASSETCATALOG_COMPILER_APPICON_NAME = AppIcon;
				CODE_SIGN_STYLE = Automatic;
				INFOPLIST_FILE = Instagram/Info.plist;
				LD_RUNPATH_SEARCH_PATHS = (
					"$(inherited)",
					"@executable_path/Frameworks",
				);
				PRODUCT_BUNDLE_IDENTIFIER = com.Ariel.Instagram;
				PRODUCT_NAME = "$(TARGET_NAME)";
				SWIFT_VERSION = 4.2;
				TARGETED_DEVICE_FAMILY = "1,2";
			};
			name = Release;
		};
		7234BEB122248CD90021F61F /* Debug */ = {
			isa = XCBuildConfiguration;
			baseConfigurationReference = 61AC7BAC5AC3B46BE4559B9D /* Pods-InstagramTests.debug.xcconfig */;
			buildSettings = {
				ALWAYS_EMBED_SWIFT_STANDARD_LIBRARIES = YES;
				BUNDLE_LOADER = "$(TEST_HOST)";
				CODE_SIGN_STYLE = Automatic;
				INFOPLIST_FILE = InstagramTests/Info.plist;
				LD_RUNPATH_SEARCH_PATHS = (
					"$(inherited)",
					"@executable_path/Frameworks",
					"@loader_path/Frameworks",
				);
				PRODUCT_BUNDLE_IDENTIFIER = com.Ariel.InstagramTests;
				PRODUCT_NAME = "$(TARGET_NAME)";
				SWIFT_VERSION = 4.2;
				TARGETED_DEVICE_FAMILY = "1,2";
				TEST_HOST = "$(BUILT_PRODUCTS_DIR)/Instagram.app/Instagram";
			};
			name = Debug;
		};
		7234BEB222248CD90021F61F /* Release */ = {
			isa = XCBuildConfiguration;
			baseConfigurationReference = DC95D533B6C8FED97B9336DA /* Pods-InstagramTests.release.xcconfig */;
			buildSettings = {
				ALWAYS_EMBED_SWIFT_STANDARD_LIBRARIES = YES;
				BUNDLE_LOADER = "$(TEST_HOST)";
				CODE_SIGN_STYLE = Automatic;
				INFOPLIST_FILE = InstagramTests/Info.plist;
				LD_RUNPATH_SEARCH_PATHS = (
					"$(inherited)",
					"@executable_path/Frameworks",
					"@loader_path/Frameworks",
				);
				PRODUCT_BUNDLE_IDENTIFIER = com.Ariel.InstagramTests;
				PRODUCT_NAME = "$(TARGET_NAME)";
				SWIFT_VERSION = 4.2;
				TARGETED_DEVICE_FAMILY = "1,2";
				TEST_HOST = "$(BUILT_PRODUCTS_DIR)/Instagram.app/Instagram";
			};
			name = Release;
		};
		7234BEB422248CD90021F61F /* Debug */ = {
			isa = XCBuildConfiguration;
			baseConfigurationReference = 9FF1FC8DED4E4A1A7FE39329 /* Pods-InstagramUITests.debug.xcconfig */;
			buildSettings = {
				ALWAYS_EMBED_SWIFT_STANDARD_LIBRARIES = YES;
				CODE_SIGN_STYLE = Automatic;
				INFOPLIST_FILE = InstagramUITests/Info.plist;
				LD_RUNPATH_SEARCH_PATHS = (
					"$(inherited)",
					"@executable_path/Frameworks",
					"@loader_path/Frameworks",
				);
				PRODUCT_BUNDLE_IDENTIFIER = com.Ariel.InstagramUITests;
				PRODUCT_NAME = "$(TARGET_NAME)";
				SWIFT_VERSION = 4.2;
				TARGETED_DEVICE_FAMILY = "1,2";
				TEST_TARGET_NAME = Instagram;
			};
			name = Debug;
		};
		7234BEB522248CD90021F61F /* Release */ = {
			isa = XCBuildConfiguration;
			baseConfigurationReference = C930372F70CD2744AE95B3FA /* Pods-InstagramUITests.release.xcconfig */;
			buildSettings = {
				ALWAYS_EMBED_SWIFT_STANDARD_LIBRARIES = YES;
				CODE_SIGN_STYLE = Automatic;
				INFOPLIST_FILE = InstagramUITests/Info.plist;
				LD_RUNPATH_SEARCH_PATHS = (
					"$(inherited)",
					"@executable_path/Frameworks",
					"@loader_path/Frameworks",
				);
				PRODUCT_BUNDLE_IDENTIFIER = com.Ariel.InstagramUITests;
				PRODUCT_NAME = "$(TARGET_NAME)";
				SWIFT_VERSION = 4.2;
				TARGETED_DEVICE_FAMILY = "1,2";
				TEST_TARGET_NAME = Instagram;
			};
			name = Release;
		};
/* End XCBuildConfiguration section */

/* Begin XCConfigurationList section */
		7234BE8022248CD60021F61F /* Build configuration list for PBXProject "Instagram" */ = {
			isa = XCConfigurationList;
			buildConfigurations = (
				7234BEAB22248CD90021F61F /* Debug */,
				7234BEAC22248CD90021F61F /* Release */,
			);
			defaultConfigurationIsVisible = 0;
			defaultConfigurationName = Release;
		};
		7234BEAD22248CD90021F61F /* Build configuration list for PBXNativeTarget "Instagram" */ = {
			isa = XCConfigurationList;
			buildConfigurations = (
				7234BEAE22248CD90021F61F /* Debug */,
				7234BEAF22248CD90021F61F /* Release */,
			);
			defaultConfigurationIsVisible = 0;
			defaultConfigurationName = Release;
		};
		7234BEB022248CD90021F61F /* Build configuration list for PBXNativeTarget "InstagramTests" */ = {
			isa = XCConfigurationList;
			buildConfigurations = (
				7234BEB122248CD90021F61F /* Debug */,
				7234BEB222248CD90021F61F /* Release */,
			);
			defaultConfigurationIsVisible = 0;
			defaultConfigurationName = Release;
		};
		7234BEB322248CD90021F61F /* Build configuration list for PBXNativeTarget "InstagramUITests" */ = {
			isa = XCConfigurationList;
			buildConfigurations = (
				7234BEB422248CD90021F61F /* Debug */,
				7234BEB522248CD90021F61F /* Release */,
			);
			defaultConfigurationIsVisible = 0;
			defaultConfigurationName = Release;
		};
/* End XCConfigurationList section */
	};
	rootObject = 7234BE7D22248CD60021F61F /* Project object */;
}
